// !$*UTF8*$!
{
	archiveVersion = 1;
	classes = {
	};
	objectVersion = 50;
	objects = {

/* Begin PBXBuildFile section */
		5574A9F125BAC821004542F4 /* AppDelegate.swift in Sources */ = {isa = PBXBuildFile; fileRef = 5574A9F025BAC821004542F4 /* AppDelegate.swift */; };
		5574A9F325BAC821004542F4 /* SceneDelegate.swift in Sources */ = {isa = PBXBuildFile; fileRef = 5574A9F225BAC821004542F4 /* SceneDelegate.swift */; };
		5574A9F525BAC821004542F4 /* ContentView.swift in Sources */ = {isa = PBXBuildFile; fileRef = 5574A9F425BAC821004542F4 /* ContentView.swift */; };
		5574A9F725BAC823004542F4 /* Assets.xcassets in Resources */ = {isa = PBXBuildFile; fileRef = 5574A9F625BAC823004542F4 /* Assets.xcassets */; };
		5574A9FA25BAC823004542F4 /* Preview Assets.xcassets in Resources */ = {isa = PBXBuildFile; fileRef = 5574A9F925BAC823004542F4 /* Preview Assets.xcassets */; };
		5574A9FD25BAC823004542F4 /* LaunchScreen.storyboard in Resources */ = {isa = PBXBuildFile; fileRef = 5574A9FB25BAC823004542F4 /* LaunchScreen.storyboard */; };
		5574AA0825BAC823004542F4 /* JournalTests.swift in Sources */ = {isa = PBXBuildFile; fileRef = 5574AA0725BAC823004542F4 /* JournalTests.swift */; };
		5574AA1325BAC823004542F4 /* JournalUITests.swift in Sources */ = {isa = PBXBuildFile; fileRef = 5574AA1225BAC823004542F4 /* JournalUITests.swift */; };
/* End PBXBuildFile section */

/* Begin PBXContainerItemProxy section */
		5574AA0425BAC823004542F4 /* PBXContainerItemProxy */ = {
			isa = PBXContainerItemProxy;
			containerPortal = 5574A9E525BAC821004542F4 /* Project object */;
			proxyType = 1;
			remoteGlobalIDString = 5574A9EC25BAC821004542F4;
			remoteInfo = Journal;
		};
		5574AA0F25BAC823004542F4 /* PBXContainerItemProxy */ = {
			isa = PBXContainerItemProxy;
			containerPortal = 5574A9E525BAC821004542F4 /* Project object */;
			proxyType = 1;
			remoteGlobalIDString = 5574A9EC25BAC821004542F4;
			remoteInfo = Journal;
		};
/* End PBXContainerItemProxy section */

/* Begin PBXFileReference section */
		5574A9ED25BAC821004542F4 /* Journal.app */ = {isa = PBXFileReference; explicitFileType = wrapper.application; includeInIndex = 0; path = Journal.app; sourceTree = BUILT_PRODUCTS_DIR; };
		5574A9F025BAC821004542F4 /* AppDelegate.swift */ = {isa = PBXFileReference; lastKnownFileType = sourcecode.swift; path = AppDelegate.swift; sourceTree = "<group>"; };
		5574A9F225BAC821004542F4 /* SceneDelegate.swift */ = {isa = PBXFileReference; lastKnownFileType = sourcecode.swift; path = SceneDelegate.swift; sourceTree = "<group>"; };
		5574A9F425BAC821004542F4 /* ContentView.swift */ = {isa = PBXFileReference; lastKnownFileType = sourcecode.swift; path = ContentView.swift; sourceTree = "<group>"; };
		5574A9F625BAC823004542F4 /* Assets.xcassets */ = {isa = PBXFileReference; lastKnownFileType = folder.assetcatalog; path = Assets.xcassets; sourceTree = "<group>"; };
		5574A9F925BAC823004542F4 /* Preview Assets.xcassets */ = {isa = PBXFileReference; lastKnownFileType = folder.assetcatalog; path = "Preview Assets.xcassets"; sourceTree = "<group>"; };
		5574A9FC25BAC823004542F4 /* Base */ = {isa = PBXFileReference; lastKnownFileType = file.storyboard; name = Base; path = Base.lproj/LaunchScreen.storyboard; sourceTree = "<group>"; };
		5574A9FE25BAC823004542F4 /* Info.plist */ = {isa = PBXFileReference; lastKnownFileType = text.plist.xml; path = Info.plist; sourceTree = "<group>"; };
		5574AA0325BAC823004542F4 /* JournalTests.xctest */ = {isa = PBXFileReference; explicitFileType = wrapper.cfbundle; includeInIndex = 0; path = JournalTests.xctest; sourceTree = BUILT_PRODUCTS_DIR; };
		5574AA0725BAC823004542F4 /* JournalTests.swift */ = {isa = PBXFileReference; lastKnownFileType = sourcecode.swift; path = JournalTests.swift; sourceTree = "<group>"; };
		5574AA0925BAC823004542F4 /* Info.plist */ = {isa = PBXFileReference; lastKnownFileType = text.plist.xml; path = Info.plist; sourceTree = "<group>"; };
		5574AA0E25BAC823004542F4 /* JournalUITests.xctest */ = {isa = PBXFileReference; explicitFileType = wrapper.cfbundle; includeInIndex = 0; path = JournalUITests.xctest; sourceTree = BUILT_PRODUCTS_DIR; };
		5574AA1225BAC823004542F4 /* JournalUITests.swift */ = {isa = PBXFileReference; lastKnownFileType = sourcecode.swift; path = JournalUITests.swift; sourceTree = "<group>"; };
		5574AA1425BAC823004542F4 /* Info.plist */ = {isa = PBXFileReference; lastKnownFileType = text.plist.xml; path = Info.plist; sourceTree = "<group>"; };
/* End PBXFileReference section */

/* Begin PBXFrameworksBuildPhase section */
		5574A9EA25BAC821004542F4 /* Frameworks */ = {
			isa = PBXFrameworksBuildPhase;
			buildActionMask = 2147483647;
			files = (
			);
			runOnlyForDeploymentPostprocessing = 0;
		};
		5574AA0025BAC823004542F4 /* Frameworks */ = {
			isa = PBXFrameworksBuildPhase;
			buildActionMask = 2147483647;
			files = (
			);
			runOnlyForDeploymentPostprocessing = 0;
		};
		5574AA0B25BAC823004542F4 /* Frameworks */ = {
			isa = PBXFrameworksBuildPhase;
			buildActionMask = 2147483647;
			files = (
			);
			runOnlyForDeploymentPostprocessing = 0;
		};
/* End PBXFrameworksBuildPhase section */

/* Begin PBXGroup section */
		5574A9E425BAC821004542F4 = {
			isa = PBXGroup;
			children = (
				5574A9EF25BAC821004542F4 /* Journal */,
				5574AA0625BAC823004542F4 /* JournalTests */,
				5574AA1125BAC823004542F4 /* JournalUITests */,
				5574A9EE25BAC821004542F4 /* Products */,
			);
			sourceTree = "<group>";
		};
		5574A9EE25BAC821004542F4 /* Products */ = {
			isa = PBXGroup;
			children = (
				5574A9ED25BAC821004542F4 /* Journal.app */,
				5574AA0325BAC823004542F4 /* JournalTests.xctest */,
				5574AA0E25BAC823004542F4 /* JournalUITests.xctest */,
			);
			name = Products;
			sourceTree = "<group>";
		};
		5574A9EF25BAC821004542F4 /* Journal */ = {
			isa = PBXGroup;
			children = (
				5574A9F025BAC821004542F4 /* AppDelegate.swift */,
				5574A9F225BAC821004542F4 /* SceneDelegate.swift */,
				5574A9F425BAC821004542F4 /* ContentView.swift */,
				5574A9F625BAC823004542F4 /* Assets.xcassets */,
				5574A9FB25BAC823004542F4 /* LaunchScreen.storyboard */,
				5574A9FE25BAC823004542F4 /* Info.plist */,
				5574A9F825BAC823004542F4 /* Preview Content */,
			);
			path = Journal;
			sourceTree = "<group>";
		};
		5574A9F825BAC823004542F4 /* Preview Content */ = {
			isa = PBXGroup;
			children = (
				5574A9F925BAC823004542F4 /* Preview Assets.xcassets */,
			);
			path = "Preview Content";
			sourceTree = "<group>";
		};
		5574AA0625BAC823004542F4 /* JournalTests */ = {
			isa = PBXGroup;
			children = (
				5574AA0725BAC823004542F4 /* JournalTests.swift */,
				5574AA0925BAC823004542F4 /* Info.plist */,
			);
			path = JournalTests;
			sourceTree = "<group>";
		};
		5574AA1125BAC823004542F4 /* JournalUITests */ = {
			isa = PBXGroup;
			children = (
				5574AA1225BAC823004542F4 /* JournalUITests.swift */,
				5574AA1425BAC823004542F4 /* Info.plist */,
			);
			path = JournalUITests;
			sourceTree = "<group>";
		};
/* End PBXGroup section */

/* Begin PBXNativeTarget section */
		5574A9EC25BAC821004542F4 /* Journal */ = {
			isa = PBXNativeTarget;
			buildConfigurationList = 5574AA1725BAC823004542F4 /* Build configuration list for PBXNativeTarget "Journal" */;
			buildPhases = (
				5574A9E925BAC821004542F4 /* Sources */,
				5574A9EA25BAC821004542F4 /* Frameworks */,
				5574A9EB25BAC821004542F4 /* Resources */,
			);
			buildRules = (
			);
			dependencies = (
			);
			name = Journal;
			productName = Journal;
			productReference = 5574A9ED25BAC821004542F4 /* Journal.app */;
			productType = "com.apple.product-type.application";
		};
		5574AA0225BAC823004542F4 /* JournalTests */ = {
			isa = PBXNativeTarget;
			buildConfigurationList = 5574AA1A25BAC823004542F4 /* Build configuration list for PBXNativeTarget "JournalTests" */;
			buildPhases = (
				5574A9FF25BAC823004542F4 /* Sources */,
				5574AA0025BAC823004542F4 /* Frameworks */,
				5574AA0125BAC823004542F4 /* Resources */,
			);
			buildRules = (
			);
			dependencies = (
				5574AA0525BAC823004542F4 /* PBXTargetDependency */,
			);
			name = JournalTests;
			productName = JournalTests;
			productReference = 5574AA0325BAC823004542F4 /* JournalTests.xctest */;
			productType = "com.apple.product-type.bundle.unit-test";
		};
		5574AA0D25BAC823004542F4 /* JournalUITests */ = {
			isa = PBXNativeTarget;
			buildConfigurationList = 5574AA1D25BAC823004542F4 /* Build configuration list for PBXNativeTarget "JournalUITests" */;
			buildPhases = (
				5574AA0A25BAC823004542F4 /* Sources */,
				5574AA0B25BAC823004542F4 /* Frameworks */,
				5574AA0C25BAC823004542F4 /* Resources */,
			);
			buildRules = (
			);
			dependencies = (
				5574AA1025BAC823004542F4 /* PBXTargetDependency */,
			);
			name = JournalUITests;
			productName = JournalUITests;
			productReference = 5574AA0E25BAC823004542F4 /* JournalUITests.xctest */;
			productType = "com.apple.product-type.bundle.ui-testing";
		};
/* End PBXNativeTarget section */

/* Begin PBXProject section */
		5574A9E525BAC821004542F4 /* Project object */ = {
			isa = PBXProject;
			attributes = {
				LastSwiftUpdateCheck = 1230;
				LastUpgradeCheck = 1230;
				TargetAttributes = {
					5574A9EC25BAC821004542F4 = {
						CreatedOnToolsVersion = 12.3;
					};
					5574AA0225BAC823004542F4 = {
						CreatedOnToolsVersion = 12.3;
						TestTargetID = 5574A9EC25BAC821004542F4;
					};
					5574AA0D25BAC823004542F4 = {
						CreatedOnToolsVersion = 12.3;
						TestTargetID = 5574A9EC25BAC821004542F4;
					};
				};
			};
			buildConfigurationList = 5574A9E825BAC821004542F4 /* Build configuration list for PBXProject "Journal" */;
			compatibilityVersion = "Xcode 9.3";
			developmentRegion = en;
			hasScannedForEncodings = 0;
			knownRegions = (
				en,
				Base,
			);
			mainGroup = 5574A9E425BAC821004542F4;
			productRefGroup = 5574A9EE25BAC821004542F4 /* Products */;
			projectDirPath = "";
			projectRoot = "";
			targets = (
				5574A9EC25BAC821004542F4 /* Journal */,
				5574AA0225BAC823004542F4 /* JournalTests */,
				5574AA0D25BAC823004542F4 /* JournalUITests */,
			);
		};
/* End PBXProject section */

/* Begin PBXResourcesBuildPhase section */
		5574A9EB25BAC821004542F4 /* Resources */ = {
			isa = PBXResourcesBuildPhase;
			buildActionMask = 2147483647;
			files = (
				5574A9FD25BAC823004542F4 /* LaunchScreen.storyboard in Resources */,
				5574A9FA25BAC823004542F4 /* Preview Assets.xcassets in Resources */,
				5574A9F725BAC823004542F4 /* Assets.xcassets in Resources */,
			);
			runOnlyForDeploymentPostprocessing = 0;
		};
		5574AA0125BAC823004542F4 /* Resources */ = {
			isa = PBXResourcesBuildPhase;
			buildActionMask = 2147483647;
			files = (
			);
			runOnlyForDeploymentPostprocessing = 0;
		};
		5574AA0C25BAC823004542F4 /* Resources */ = {
			isa = PBXResourcesBuildPhase;
			buildActionMask = 2147483647;
			files = (
			);
			runOnlyForDeploymentPostprocessing = 0;
		};
/* End PBXResourcesBuildPhase section */

/* Begin PBXSourcesBuildPhase section */
		5574A9E925BAC821004542F4 /* Sources */ = {
			isa = PBXSourcesBuildPhase;
			buildActionMask = 2147483647;
			files = (
				5574A9F125BAC821004542F4 /* AppDelegate.swift in Sources */,
				5574A9F325BAC821004542F4 /* SceneDelegate.swift in Sources */,
				5574A9F525BAC821004542F4 /* ContentView.swift in Sources */,
			);
			runOnlyForDeploymentPostprocessing = 0;
		};
		5574A9FF25BAC823004542F4 /* Sources */ = {
			isa = PBXSourcesBuildPhase;
			buildActionMask = 2147483647;
			files = (
				5574AA0825BAC823004542F4 /* JournalTests.swift in Sources */,
			);
			runOnlyForDeploymentPostprocessing = 0;
		};
		5574AA0A25BAC823004542F4 /* Sources */ = {
			isa = PBXSourcesBuildPhase;
			buildActionMask = 2147483647;
			files = (
				5574AA1325BAC823004542F4 /* JournalUITests.swift in Sources */,
			);
			runOnlyForDeploymentPostprocessing = 0;
		};
/* End PBXSourcesBuildPhase section */

/* Begin PBXTargetDependency section */
		5574AA0525BAC823004542F4 /* PBXTargetDependency */ = {
			isa = PBXTargetDependency;
			target = 5574A9EC25BAC821004542F4 /* Journal */;
			targetProxy = 5574AA0425BAC823004542F4 /* PBXContainerItemProxy */;
		};
		5574AA1025BAC823004542F4 /* PBXTargetDependency */ = {
			isa = PBXTargetDependency;
			target = 5574A9EC25BAC821004542F4 /* Journal */;
			targetProxy = 5574AA0F25BAC823004542F4 /* PBXContainerItemProxy */;
		};
/* End PBXTargetDependency section */

/* Begin PBXVariantGroup section */
		5574A9FB25BAC823004542F4 /* LaunchScreen.storyboard */ = {
			isa = PBXVariantGroup;
			children = (
				5574A9FC25BAC823004542F4 /* Base */,
			);
			name = LaunchScreen.storyboard;
			sourceTree = "<group>";
		};
/* End PBXVariantGroup section */

/* Begin XCBuildConfiguration section */
		5574AA1525BAC823004542F4 /* Debug */ = {
			isa = XCBuildConfiguration;
			buildSettings = {
				ALWAYS_SEARCH_USER_PATHS = NO;
				CLANG_ANALYZER_NONNULL = YES;
				CLANG_ANALYZER_NUMBER_OBJECT_CONVERSION = YES_AGGRESSIVE;
				CLANG_CXX_LANGUAGE_STANDARD = "gnu++14";
				CLANG_CXX_LIBRARY = "libc++";
				CLANG_ENABLE_MODULES = YES;
				CLANG_ENABLE_OBJC_ARC = YES;
				CLANG_ENABLE_OBJC_WEAK = YES;
				CLANG_WARN_BLOCK_CAPTURE_AUTORELEASING = YES;
				CLANG_WARN_BOOL_CONVERSION = YES;
				CLANG_WARN_COMMA = YES;
				CLANG_WARN_CONSTANT_CONVERSION = YES;
				CLANG_WARN_DEPRECATED_OBJC_IMPLEMENTATIONS = YES;
				CLANG_WARN_DIRECT_OBJC_ISA_USAGE = YES_ERROR;
				CLANG_WARN_DOCUMENTATION_COMMENTS = YES;
				CLANG_WARN_EMPTY_BODY = YES;
				CLANG_WARN_ENUM_CONVERSION = YES;
				CLANG_WARN_INFINITE_RECURSION = YES;
				CLANG_WARN_INT_CONVERSION = YES;
				CLANG_WARN_NON_LITERAL_NULL_CONVERSION = YES;
				CLANG_WARN_OBJC_IMPLICIT_RETAIN_SELF = YES;
				CLANG_WARN_OBJC_LITERAL_CONVERSION = YES;
				CLANG_WARN_OBJC_ROOT_CLASS = YES_ERROR;
				CLANG_WARN_QUOTED_INCLUDE_IN_FRAMEWORK_HEADER = YES;
				CLANG_WARN_RANGE_LOOP_ANALYSIS = YES;
				CLANG_WARN_STRICT_PROTOTYPES = YES;
				CLANG_WARN_SUSPICIOUS_MOVE = YES;
				CLANG_WARN_UNGUARDED_AVAILABILITY = YES_AGGRESSIVE;
				CLANG_WARN_UNREACHABLE_CODE = YES;
				CLANG_WARN__DUPLICATE_METHOD_MATCH = YES;
				COPY_PHASE_STRIP = NO;
				DEBUG_INFORMATION_FORMAT = dwarf;
				ENABLE_STRICT_OBJC_MSGSEND = YES;
				ENABLE_TESTABILITY = YES;
				GCC_C_LANGUAGE_STANDARD = gnu11;
				GCC_DYNAMIC_NO_PIC = NO;
				GCC_NO_COMMON_BLOCKS = YES;
				GCC_OPTIMIZATION_LEVEL = 0;
				GCC_PREPROCESSOR_DEFINITIONS = (
					"DEBUG=1",
					"$(inherited)",
				);
				GCC_WARN_64_TO_32_BIT_CONVERSION = YES;
				GCC_WARN_ABOUT_RETURN_TYPE = YES_ERROR;
				GCC_WARN_UNDECLARED_SELECTOR = YES;
				GCC_WARN_UNINITIALIZED_AUTOS = YES_AGGRESSIVE;
				GCC_WARN_UNUSED_FUNCTION = YES;
				GCC_WARN_UNUSED_VARIABLE = YES;
				IPHONEOS_DEPLOYMENT_TARGET = 14.3;
				MTL_ENABLE_DEBUG_INFO = INCLUDE_SOURCE;
				MTL_FAST_MATH = YES;
				ONLY_ACTIVE_ARCH = YES;
				SDKROOT = iphoneos;
				SWIFT_ACTIVE_COMPILATION_CONDITIONS = DEBUG;
				SWIFT_OPTIMIZATION_LEVEL = "-Onone";
			};
			name = Debug;
		};
		5574AA1625BAC823004542F4 /* Release */ = {
			isa = XCBuildConfiguration;
			buildSettings = {
				ALWAYS_SEARCH_USER_PATHS = NO;
				CLANG_ANALYZER_NONNULL = YES;
				CLANG_ANALYZER_NUMBER_OBJECT_CONVERSION = YES_AGGRESSIVE;
				CLANG_CXX_LANGUAGE_STANDARD = "gnu++14";
				CLANG_CXX_LIBRARY = "libc++";
				CLANG_ENABLE_MODULES = YES;
				CLANG_ENABLE_OBJC_ARC = YES;
				CLANG_ENABLE_OBJC_WEAK = YES;
				CLANG_WARN_BLOCK_CAPTURE_AUTORELEASING = YES;
				CLANG_WARN_BOOL_CONVERSION = YES;
				CLANG_WARN_COMMA = YES;
				CLANG_WARN_CONSTANT_CONVERSION = YES;
				CLANG_WARN_DEPRECATED_OBJC_IMPLEMENTATIONS = YES;
				CLANG_WARN_DIRECT_OBJC_ISA_USAGE = YES_ERROR;
				CLANG_WARN_DOCUMENTATION_COMMENTS = YES;
				CLANG_WARN_EMPTY_BODY = YES;
				CLANG_WARN_ENUM_CONVERSION = YES;
				CLANG_WARN_INFINITE_RECURSION = YES;
				CLANG_WARN_INT_CONVERSION = YES;
				CLANG_WARN_NON_LITERAL_NULL_CONVERSION = YES;
				CLANG_WARN_OBJC_IMPLICIT_RETAIN_SELF = YES;
				CLANG_WARN_OBJC_LITERAL_CONVERSION = YES;
				CLANG_WARN_OBJC_ROOT_CLASS = YES_ERROR;
				CLANG_WARN_QUOTED_INCLUDE_IN_FRAMEWORK_HEADER = YES;
				CLANG_WARN_RANGE_LOOP_ANALYSIS = YES;
				CLANG_WARN_STRICT_PROTOTYPES = YES;
				CLANG_WARN_SUSPICIOUS_MOVE = YES;
				CLANG_WARN_UNGUARDED_AVAILABILITY = YES_AGGRESSIVE;
				CLANG_WARN_UNREACHABLE_CODE = YES;
				CLANG_WARN__DUPLICATE_METHOD_MATCH = YES;
				COPY_PHASE_STRIP = NO;
				DEBUG_INFORMATION_FORMAT = "dwarf-with-dsym";
				ENABLE_NS_ASSERTIONS = NO;
				ENABLE_STRICT_OBJC_MSGSEND = YES;
				GCC_C_LANGUAGE_STANDARD = gnu11;
				GCC_NO_COMMON_BLOCKS = YES;
				GCC_WARN_64_TO_32_BIT_CONVERSION = YES;
				GCC_WARN_ABOUT_RETURN_TYPE = YES_ERROR;
				GCC_WARN_UNDECLARED_SELECTOR = YES;
				GCC_WARN_UNINITIALIZED_AUTOS = YES_AGGRESSIVE;
				GCC_WARN_UNUSED_FUNCTION = YES;
				GCC_WARN_UNUSED_VARIABLE = YES;
				IPHONEOS_DEPLOYMENT_TARGET = 14.3;
				MTL_ENABLE_DEBUG_INFO = NO;
				MTL_FAST_MATH = YES;
				SDKROOT = iphoneos;
				SWIFT_COMPILATION_MODE = wholemodule;
				SWIFT_OPTIMIZATION_LEVEL = "-O";
				VALIDATE_PRODUCT = YES;
			};
			name = Release;
		};
		5574AA1825BAC823004542F4 /* Debug */ = {
			isa = XCBuildConfiguration;
			buildSettings = {
				ASSETCATALOG_COMPILER_APPICON_NAME = AppIcon;
				ASSETCATALOG_COMPILER_GLOBAL_ACCENT_COLOR_NAME = AccentColor;
				CODE_SIGN_STYLE = Automatic;
				DEVELOPMENT_ASSET_PATHS = "\"Journal/Preview Content\"";
				DEVELOPMENT_TEAM = VTB2KW385L;
				ENABLE_PREVIEWS = YES;
				INFOPLIST_FILE = Journal/Info.plist;
				LD_RUNPATH_SEARCH_PATHS = (
					"$(inherited)",
					"@executable_path/Frameworks",
				);
				PRODUCT_BUNDLE_IDENTIFIER = com.gregersundvall.Journal;
				PRODUCT_NAME = "$(TARGET_NAME)";
				SWIFT_VERSION = 5.0;
				TARGETED_DEVICE_FAMILY = "1,2";
			};
			name = Debug;
		};
		5574AA1925BAC823004542F4 /* Release */ = {
			isa = XCBuildConfiguration;
			buildSettings = {
				ASSETCATALOG_COMPILER_APPICON_NAME = AppIcon;
				ASSETCATALOG_COMPILER_GLOBAL_ACCENT_COLOR_NAME = AccentColor;
				CODE_SIGN_STYLE = Automatic;
				DEVELOPMENT_ASSET_PATHS = "\"Journal/Preview Content\"";
				DEVELOPMENT_TEAM = VTB2KW385L;
				ENABLE_PREVIEWS = YES;
				INFOPLIST_FILE = Journal/Info.plist;
				LD_RUNPATH_SEARCH_PATHS = (
					"$(inherited)",
					"@executable_path/Frameworks",
				);
				PRODUCT_BUNDLE_IDENTIFIER = com.gregersundvall.Journal;
				PRODUCT_NAME = "$(TARGET_NAME)";
				SWIFT_VERSION = 5.0;
				TARGETED_DEVICE_FAMILY = "1,2";
			};
			name = Release;
		};
		5574AA1B25BAC823004542F4 /* Debug */ = {
			isa = XCBuildConfiguration;
			buildSettings = {
				ALWAYS_EMBED_SWIFT_STANDARD_LIBRARIES = YES;
				BUNDLE_LOADER = "$(TEST_HOST)";
				CODE_SIGN_STYLE = Automatic;
				DEVELOPMENT_TEAM = VTB2KW385L;
				INFOPLIST_FILE = JournalTests/Info.plist;
				IPHONEOS_DEPLOYMENT_TARGET = 14.3;
				LD_RUNPATH_SEARCH_PATHS = (
					"$(inherited)",
					"@executable_path/Frameworks",
					"@loader_path/Frameworks",
				);
				PRODUCT_BUNDLE_IDENTIFIER = com.gregersundvall.JournalTests;
				PRODUCT_NAME = "$(TARGET_NAME)";
				SWIFT_VERSION = 5.0;
				TARGETED_DEVICE_FAMILY = "1,2";
				TEST_HOST = "$(BUILT_PRODUCTS_DIR)/Journal.app/Journal";
			};
			name = Debug;
		};
		5574AA1C25BAC823004542F4 /* Release */ = {
			isa = XCBuildConfiguration;
			buildSettings = {
				ALWAYS_EMBED_SWIFT_STANDARD_LIBRARIES = YES;
				BUNDLE_LOADER = "$(TEST_HOST)";
				CODE_SIGN_STYLE = Automatic;
				DEVELOPMENT_TEAM = VTB2KW385L;
				INFOPLIST_FILE = JournalTests/Info.plist;
				IPHONEOS_DEPLOYMENT_TARGET = 14.3;
				LD_RUNPATH_SEARCH_PATHS = (
					"$(inherited)",
					"@executable_path/Frameworks",
					"@loader_path/Frameworks",
				);
				PRODUCT_BUNDLE_IDENTIFIER = com.gregersundvall.JournalTests;
				PRODUCT_NAME = "$(TARGET_NAME)";
				SWIFT_VERSION = 5.0;
				TARGETED_DEVICE_FAMILY = "1,2";
				TEST_HOST = "$(BUILT_PRODUCTS_DIR)/Journal.app/Journal";
			};
			name = Release;
		};
		5574AA1E25BAC823004542F4 /* Debug */ = {
			isa = XCBuildConfiguration;
			buildSettings = {
				ALWAYS_EMBED_SWIFT_STANDARD_LIBRARIES = YES;
				CODE_SIGN_STYLE = Automatic;
				DEVELOPMENT_TEAM = VTB2KW385L;
				INFOPLIST_FILE = JournalUITests/Info.plist;
				LD_RUNPATH_SEARCH_PATHS = (
					"$(inherited)",
					"@executable_path/Frameworks",
					"@loader_path/Frameworks",
				);
				PRODUCT_BUNDLE_IDENTIFIER = com.gregersundvall.JournalUITests;
				PRODUCT_NAME = "$(TARGET_NAME)";
				SWIFT_VERSION = 5.0;
				TARGETED_DEVICE_FAMILY = "1,2";
				TEST_TARGET_NAME = Journal;
			};
			name = Debug;
		};
		5574AA1F25BAC823004542F4 /* Release */ = {
			isa = XCBuildConfiguration;
			buildSettings = {
				ALWAYS_EMBED_SWIFT_STANDARD_LIBRARIES = YES;
				CODE_SIGN_STYLE = Automatic;
				DEVELOPMENT_TEAM = VTB2KW385L;
				INFOPLIST_FILE = JournalUITests/Info.plist;
				LD_RUNPATH_SEARCH_PATHS = (
					"$(inherited)",
					"@executable_path/Frameworks",
					"@loader_path/Frameworks",
				);
				PRODUCT_BUNDLE_IDENTIFIER = com.gregersundvall.JournalUITests;
				PRODUCT_NAME = "$(TARGET_NAME)";
				SWIFT_VERSION = 5.0;
				TARGETED_DEVICE_FAMILY = "1,2";
				TEST_TARGET_NAME = Journal;
			};
			name = Release;
		};
/* End XCBuildConfiguration section */

/* Begin XCConfigurationList section */
		5574A9E825BAC821004542F4 /* Build configuration list for PBXProject "Journal" */ = {
			isa = XCConfigurationList;
			buildConfigurations = (
				5574AA1525BAC823004542F4 /* Debug */,
				5574AA1625BAC823004542F4 /* Release */,
			);
			defaultConfigurationIsVisible = 0;
			defaultConfigurationName = Release;
		};
		5574AA1725BAC823004542F4 /* Build configuration list for PBXNativeTarget "Journal" */ = {
			isa = XCConfigurationList;
			buildConfigurations = (
				5574AA1825BAC823004542F4 /* Debug */,
				5574AA1925BAC823004542F4 /* Release */,
			);
			defaultConfigurationIsVisible = 0;
			defaultConfigurationName = Release;
		};
		5574AA1A25BAC823004542F4 /* Build configuration list for PBXNativeTarget "JournalTests" */ = {
			isa = XCConfigurationList;
			buildConfigurations = (
				5574AA1B25BAC823004542F4 /* Debug */,
				5574AA1C25BAC823004542F4 /* Release */,
			);
			defaultConfigurationIsVisible = 0;
			defaultConfigurationName = Release;
		};
		5574AA1D25BAC823004542F4 /* Build configuration list for PBXNativeTarget "JournalUITests" */ = {
			isa = XCConfigurationList;
			buildConfigurations = (
				5574AA1E25BAC823004542F4 /* Debug */,
				5574AA1F25BAC823004542F4 /* Release */,
			);
			defaultConfigurationIsVisible = 0;
			defaultConfigurationName = Release;
		};
/* End XCConfigurationList section */
	};
	rootObject = 5574A9E525BAC821004542F4 /* Project object */;
}
